
Microsoft Visual Studio Solution File, Format Version 11.00
# Visual Studio 2010
Project("{FAE04EC0-301F-11D3-BF4B-00C04F79EFBC}") = "Hanoi_Stack", "Hanoi_Stack\Hanoi_Stack.csproj", "{0A3DE3AB-5291-49C6-9045-02210B2F88E7}"
EndProject
Global
	GlobalSection(SolutionConfigurationPlatforms) = preSolution
		Debug|Any CPU = Debug|Any CPU
		Release|Any CPU = Release|Any CPU
	EndGlobalSection
	GlobalSection(ProjectConfigurationPlatforms) = postSolution
		{0A3DE3AB-5291-49C6-9045-02210B2F88E7}.Debug|Any CPU.ActiveCfg = Debug|Any CPU
		{0A3DE3AB-5291-49C6-9045-02210B2F88E7}.Debug|Any CPU.Build.0 = Debug|Any CPU
		{0A3DE3AB-5291-49C6-9045-02210B2F88E7}.Release|Any CPU.ActiveCfg = Release|Any CPU
		{0A3DE3AB-5291-49C6-9045-02210B2F88E7}.Release|Any CPU.Build.0 = Release|Any CPU
	EndGlobalSection
	GlobalSection(SolutionProperties) = preSolution
		HideSolutionNode = FALSE
	EndGlobalSection
EndGlobal
